{
    "_readme": [
        "This file locks the dependencies of your project to a known state",
        "Read more about it at https://getcomposer.org/doc/01-basic-usage.md#installing-dependencies",
        "This file is @generated automatically"
    ],
    "content-hash": "8b9345c7e00a596d3ac3d54c8f9eda34",
    "packages": [
        {
            "name": "tecnickcom/tc-lib-barcode",
            "version": "1.17.29",
            "source": {
                "type": "git",
                "url": "https://github.com/tecnickcom/tc-lib-barcode.git",
                "reference": "bbada6319c7999b51430408359af389cdc5442c8"
            },
            "dist": {
                "type": "zip",
                "url": "https://api.github.com/repos/tecnickcom/tc-lib-barcode/zipball/bbada6319c7999b51430408359af389cdc5442c8",
                "reference": "bbada6319c7999b51430408359af389cdc5442c8",
                "shasum": ""
            },
            "require": {
                "ext-bcmath": "*",
                "ext-date": "*",
                "ext-gd": "*",
                "ext-pcre": "*",
                "php": ">=5.4",
                "tecnickcom/tc-lib-color": "^1.14"
            },
            "require-dev": {
                "pdepend/pdepend": "2.13.0",
                "phploc/phploc": "7.0.2 || 6.0.2 || 5.0.0 || 4.0.1 || 3.0.1 || 2.1.5",
                "phpmd/phpmd": "2.13.0",
                "phpunit/phpunit": "10.1.2 || 9.6.7 || 8.5.31 || 7.5.20 || 6.5.14 || 5.7.27 || 4.8.36",
                "sebastian/phpcpd": "6.0.3 || 5.0.2 || 4.1.0 || 3.0.1 || 2.0.4",
                "squizlabs/php_codesniffer": "3.7.2 || 2.9.2"
            },
            "type": "library",
            "autoload": {
                "psr-4": {
                    "Com\\Tecnick\\Barcode\\": "src"
                }
            },
            "notification-url": "https://packagist.org/downloads/",
            "license": [
                "LGPL-3.0-or-later"
            ],
            "authors": [
                {
                    "name": "Nicola Asuni",
                    "email": "info@tecnick.com",
                    "role": "lead"
                }
            ],
            "description": "PHP library to generate linear and bidimensional barcodes",
            "homepage": "http://www.tecnick.com",
            "keywords": [
                "3 of 9",
                "ANSI MH10.8M-1983",
                "CBC",
                "CODABAR",
                "CODE 11",
                "CODE 128 A B C",
                "CODE 39",
                "CODE 93",
                "EAN 13",
                "EAN 8",
                "ECC200",
                "Intelligent Mail Barcode",
                "Interleaved 2 of 5",
                "KIX",
                "Klant",
                "MSI",
                "Onecode",
                "PHARMACODE",
                "PHARMACODE TWO-TRACKS",
                "POSTNET",
                "RMS4CC",
                "Standard 2 of 5",
                "UPC-A",
                "UPC-E",
                "USD-3",
                "USPS-B-3200",
                "USS-93",
                "barcode",
                "datamatrix",
                "pdf417",
                "planet",
                "qr-code",
                "royal mail",
                "tc-lib-barcode",
                "upc"
            ],
            "support": {
                "issues": "https://github.com/tecnickcom/tc-lib-barcode/issues",
                "source": "https://github.com/tecnickcom/tc-lib-barcode/tree/1.17.29"
            },
            "funding": [
                {
                    "url": "https://www.paypal.com/cgi-bin/webscr?cmd=_donations&currency_code=GBP&business=paypal@tecnick.com&item_name=donation%20for%20tc-lib-barcode%20project",
                    "type": "custom"
                }
            ],
            "time": "2023-09-06T13:20:35+00:00"
        },
        {
            "name": "tecnickcom/tc-lib-color",
            "version": "1.14.28",
            "source": {
                "type": "git",
                "url": "https://github.com/tecnickcom/tc-lib-color.git",
                "reference": "c0ea9b1a8488776d33ae4051aa0701facf79e402"
            },
            "dist": {
                "type": "zip",
                "url": "https://api.github.com/repos/tecnickcom/tc-lib-color/zipball/c0ea9b1a8488776d33ae4051aa0701facf79e402",
                "reference": "c0ea9b1a8488776d33ae4051aa0701facf79e402",
                "shasum": ""
            },
            "require": {
                "ext-pcre": "*",
                "php": ">=5.3"
            },
            "require-dev": {
                "pdepend/pdepend": "2.13.0",
                "phploc/phploc": "7.0.2 || 6.0.2 || 5.0.0 || 4.0.1 || 3.0.1 || 2.1.5",
                "phpmd/phpmd": "2.13.0",
                "phpunit/phpunit": "10.1.2 || 9.6.7 || 8.5.31 || 7.5.20 || 6.5.14 || 5.7.27 || 4.8.36",
                "sebastian/phpcpd": "6.0.3 || 5.0.2 || 4.1.0 || 3.0.1 || 2.0.4",
                "squizlabs/php_codesniffer": "3.7.2 || 2.9.2"
            },
            "type": "library",
            "autoload": {
                "psr-4": {
                    "Com\\Tecnick\\Color\\": "src"
                }
            },
            "notification-url": "https://packagist.org/downloads/",
            "license": [
                "LGPL-3.0-or-later"
            ],
            "authors": [
                {
                    "name": "Nicola Asuni",
                    "email": "info@tecnick.com",
                    "role": "lead"
                }
            ],
            "description": "PHP library to manipulate various color representations",
            "homepage": "http://www.tecnick.com",
            "keywords": [
                "cmyk",
                "color",
                "colors",
                "colour",
                "colours",
                "hsl",
                "hsla",
                "javascript",
                "rgb",
                "rgba",
                "tc-lib-color",
                "web"
            ],
            "support": {
                "issues": "https://github.com/tecnickcom/tc-lib-color/issues",
                "source": "https://github.com/tecnickcom/tc-lib-color/tree/1.14.28"
            },
            "funding": [
                {
                    "url": "https://www.paypal.com/cgi-bin/webscr?cmd=_donations&currency_code=GBP&business=paypal@tecnick.com&item_name=donation%20for%20tc-lib-color%20project",
                    "type": "custom"
                }
            ],
            "time": "2023-09-06T13:19:19+00:00"
        },
        {
            "name": "tecnickcom/tc-lib-file",
            "version": "1.7.28",
            "source": {
                "type": "git",
                "url": "https://github.com/tecnickcom/tc-lib-file.git",
                "reference": "a9253ad6a69f416fb9b0328bbc383b17fafa2c65"
            },
            "dist": {
                "type": "zip",
                "url": "https://api.github.com/repos/tecnickcom/tc-lib-file/zipball/a9253ad6a69f416fb9b0328bbc383b17fafa2c65",
                "reference": "a9253ad6a69f416fb9b0328bbc383b17fafa2c65",
                "shasum": ""
            },
            "require": {
                "ext-curl": "*",
                "ext-pcre": "*",
                "php": ">=5.4"
            },
            "require-dev": {
                "pdepend/pdepend": "2.13.0",
                "phploc/phploc": "7.0.2 || 6.0.2 || 5.0.0 || 4.0.1 || 3.0.1 || 2.1.5",
                "phpmd/phpmd": "2.13.0",
                "phpunit/phpunit": "10.1.2 || 9.6.7 || 8.5.31 || 7.5.20 || 6.5.14 || 5.7.27 || 4.8.36",
                "sebastian/phpcpd": "6.0.3 || 5.0.2 || 4.1.0 || 3.0.1 || 2.0.4",
                "squizlabs/php_codesniffer": "3.7.2 || 2.9.2"
            },
            "type": "library",
            "autoload": {
                "psr-4": {
                    "Com\\Tecnick\\File\\": "src"
                }
            },
            "notification-url": "https://packagist.org/downloads/",
            "license": [
                "LGPL-3.0-or-later"
            ],
            "authors": [
                {
                    "name": "Nicola Asuni",
                    "email": "info@tecnick.com",
                    "role": "lead"
                }
            ],
            "description": "PHP library to read byte-level data from files",
            "homepage": "http://www.tecnick.com",
            "keywords": [
                "Double",
                "bit",
                "byte",
                "file",
                "long",
                "read",
                "short",
                "tc-lib-file"
            ],
            "support": {
                "issues": "https://github.com/tecnickcom/tc-lib-file/issues",
                "source": "https://github.com/tecnickcom/tc-lib-file/tree/1.7.28"
            },
            "funding": [
                {
                    "url": "https://www.paypal.com/cgi-bin/webscr?cmd=_donations&currency_code=GBP&business=paypal@tecnick.com&item_name=donation%20for%20tc-lib-file%20project",
                    "type": "custom"
                }
            ],
            "time": "2023-09-06T13:19:29+00:00"
        },
        {
            "name": "tecnickcom/tc-lib-pdf",
            "version": "8.0.26",
            "source": {
                "type": "git",
                "url": "https://github.com/tecnickcom/tc-lib-pdf.git",
                "reference": "57866dab3e348633d35092712ecaa57f13b52017"
            },
            "dist": {
                "type": "zip",
                "url": "https://api.github.com/repos/tecnickcom/tc-lib-pdf/zipball/57866dab3e348633d35092712ecaa57f13b52017",
                "reference": "57866dab3e348633d35092712ecaa57f13b52017",
                "shasum": ""
            },
            "require": {
                "ext-date": "*",
                "ext-pcre": "*",
                "php": ">=5.4",
                "tecnickcom/tc-lib-barcode": "^1.17",
                "tecnickcom/tc-lib-color": "^1.14",
                "tecnickcom/tc-lib-file": "^1.7",
                "tecnickcom/tc-lib-pdf-encrypt": "^1.6",
                "tecnickcom/tc-lib-pdf-font": "^1.11",
                "tecnickcom/tc-lib-pdf-graph": "^1.7",
                "tecnickcom/tc-lib-pdf-image": "^1.4",
                "tecnickcom/tc-lib-pdf-page": "^3.1",
                "tecnickcom/tc-lib-unicode": "^1.4",
                "tecnickcom/tc-lib-unicode-data": "^1.7"
            },
            "require-dev": {
                "pdepend/pdepend": "2.13.0",
                "phploc/phploc": "7.0.2 || 6.0.2 || 5.0.0 || 4.0.1 || 3.0.1 || 2.1.5",
                "phpmd/phpmd": "2.13.0",
                "phpunit/phpunit": "10.1.2 || 9.6.7 || 8.5.31 || 7.5.20 || 6.5.14 || 5.7.27 || 4.8.36",
                "sebastian/phpcpd": "6.0.3 || 5.0.2 || 4.1.0 || 3.0.1 || 2.0.4",
                "squizlabs/php_codesniffer": "3.7.2 || 2.9.2"
            },
            "type": "library",
            "autoload": {
                "psr-4": {
                    "Com\\Tecnick\\Pdf\\": "src"
                }
            },
            "notification-url": "https://packagist.org/downloads/",
            "license": [
                "LGPL-3.0-or-later"
            ],
            "authors": [
                {
                    "name": "Nicola Asuni",
                    "email": "info@tecnick.com",
                    "role": "lead"
                }
            ],
            "description": "PHP PDF Library",
            "homepage": "http://www.tecnick.com",
            "keywords": [
                "PDFD32000-2008",
                "TCPDF",
                "document",
                "pdf",
                "tc-lib-pdf"
            ],
            "support": {
                "issues": "https://github.com/tecnickcom/tc-lib-pdf/issues",
                "source": "https://github.com/tecnickcom/tc-lib-pdf/tree/8.0.26"
            },
            "funding": [
                {
                    "url": "https://www.paypal.com/cgi-bin/webscr?cmd=_donations&currency_code=GBP&business=paypal@tecnick.com&item_name=donation%20for%20tc-lib-pdf%20project",
                    "type": "custom"
                }
            ],
            "time": "2023-09-06T13:22:45+00:00"
        },
        {
            "name": "tecnickcom/tc-lib-pdf-encrypt",
            "version": "1.6.24",
            "source": {
                "type": "git",
                "url": "https://github.com/tecnickcom/tc-lib-pdf-encrypt.git",
                "reference": "32649b3d270749a5770a7ebe9225e532b7a57f93"
            },
            "dist": {
                "type": "zip",
                "url": "https://api.github.com/repos/tecnickcom/tc-lib-pdf-encrypt/zipball/32649b3d270749a5770a7ebe9225e532b7a57f93",
                "reference": "32649b3d270749a5770a7ebe9225e532b7a57f93",
                "shasum": ""
            },
            "require": {
                "ext-date": "*",
                "ext-hash": "*",
                "ext-openssl": "*",
                "ext-pcre": "*",
                "php": ">=5.4"
            },
            "require-dev": {
                "pdepend/pdepend": "2.13.0",
                "phploc/phploc": "7.0.2 || 6.0.2 || 5.0.0 || 4.0.1 || 3.0.1 || 2.1.5",
                "phpmd/phpmd": "2.13.0",
                "phpunit/phpunit": "10.1.2 || 9.6.7 || 8.5.31 || 7.5.20 || 6.5.14 || 5.7.27 || 4.8.36",
                "sebastian/phpcpd": "6.0.3 || 5.0.2 || 4.1.0 || 3.0.1 || 2.0.4",
                "squizlabs/php_codesniffer": "3.7.2 || 2.9.2"
            },
            "suggest": {
                "ext-posix": "*"
            },
            "type": "library",
            "autoload": {
                "psr-4": {
                    "Com\\Tecnick\\Pdf\\Encrypt\\": "src"
                }
            },
            "notification-url": "https://packagist.org/downloads/",
            "license": [
                "LGPL-3.0-or-later"
            ],
            "authors": [
                {
                    "name": "Nicola Asuni",
                    "email": "info@tecnick.com",
                    "role": "lead"
                }
            ],
            "description": "PHP library to encrypt data for PDF",
            "homepage": "http://www.tecnick.com",
            "keywords": [
                "aes",
                "encrypt",
                "encryption",
                "pdf",
                "rc4",
                "tc-lib-pdf-encrypt"
            ],
            "support": {
                "issues": "https://github.com/tecnickcom/tc-lib-pdf-encrypt/issues",
                "source": "https://github.com/tecnickcom/tc-lib-pdf-encrypt/tree/1.6.24"
            },
            "funding": [
                {
                    "url": "https://www.paypal.com/cgi-bin/webscr?cmd=_donations&currency_code=GBP&business=paypal@tecnick.com&item_name=donation%20for%20tc-lib-pdf-encrypt%20project",
                    "type": "custom"
                }
            ],
            "time": "2023-09-06T13:19:41+00:00"
        },
        {
            "name": "tecnickcom/tc-lib-pdf-font",
            "version": "1.11.10",
            "source": {
                "type": "git",
                "url": "https://github.com/tecnickcom/tc-lib-pdf-font.git",
                "reference": "98af6a56e7cbb006186fc8a4ad3cd5e8295484f3"
            },
            "dist": {
                "type": "zip",
                "url": "https://api.github.com/repos/tecnickcom/tc-lib-pdf-font/zipball/98af6a56e7cbb006186fc8a4ad3cd5e8295484f3",
                "reference": "98af6a56e7cbb006186fc8a4ad3cd5e8295484f3",
                "shasum": ""
            },
            "require": {
                "ext-json": "*",
                "ext-pcre": "*",
                "ext-zlib": "*",
                "php": ">=5.4.0",
                "tecnickcom/tc-lib-file": "^1.7",
                "tecnickcom/tc-lib-pdf-encrypt": "^1.6",
                "tecnickcom/tc-lib-unicode-data": "^1.7"
            },
            "require-dev": {
                "pdepend/pdepend": "2.13.0",
                "phploc/phploc": "7.0.2 || 6.0.2 || 5.0.0 || 4.0.1 || 3.0.1 || 2.1.5",
                "phpmd/phpmd": "2.13.0",
                "phpunit/phpunit": "10.1.2 || 9.6.7 || 8.5.31 || 7.5.20 || 6.5.14 || 5.7.27 || 4.8.36",
                "sebastian/phpcpd": "6.0.3 || 5.0.2 || 4.1.0 || 3.0.1 || 2.0.4",
                "squizlabs/php_codesniffer": "3.7.2 || 2.9.2"
            },
            "type": "library",
            "autoload": {
                "psr-4": {
                    "Com\\Tecnick\\Pdf\\Font\\": "src"
                }
            },
            "notification-url": "https://packagist.org/downloads/",
            "license": [
                "LGPL-3.0-or-later"
            ],
            "authors": [
                {
                    "name": "Nicola Asuni",
                    "email": "info@tecnick.com",
                    "role": "lead"
                }
            ],
            "description": "PHP library containing PDF page formats and definitions",
            "homepage": "http://www.tecnick.com",
            "keywords": [
                "PFB",
                "afm",
                "font",
                "import",
                "pdf",
                "tc-lib-pdf-font",
                "ttf"
            ],
            "support": {
                "issues": "https://github.com/tecnickcom/tc-lib-pdf-font/issues",
                "source": "https://github.com/tecnickcom/tc-lib-pdf-font/tree/1.11.10"
            },
            "funding": [
                {
                    "url": "https://www.paypal.com/cgi-bin/webscr?cmd=_donations&currency_code=GBP&business=paypal@tecnick.com&item_name=donation%20for%20tc-lib-pdf-font%20project",
                    "type": "custom"
                }
            ],
            "time": "2023-09-06T13:22:03+00:00"
        },
        {
            "name": "tecnickcom/tc-lib-pdf-graph",
            "version": "1.7.12",
            "source": {
                "type": "git",
                "url": "https://github.com/tecnickcom/tc-lib-pdf-graph.git",
                "reference": "4bd0cd1d1a708edbdcfd5dadd19088e5d3a4bb0e"
            },
            "dist": {
                "type": "zip",
                "url": "https://api.github.com/repos/tecnickcom/tc-lib-pdf-graph/zipball/4bd0cd1d1a708edbdcfd5dadd19088e5d3a4bb0e",
                "reference": "4bd0cd1d1a708edbdcfd5dadd19088e5d3a4bb0e",
                "shasum": ""
            },
            "require": {
                "ext-zlib": "*",
                "php": ">=5.4",
                "tecnickcom/tc-lib-color": "^1.14",
                "tecnickcom/tc-lib-pdf-encrypt": "^1.6.0"
            },
            "require-dev": {
                "pdepend/pdepend": "2.13.0",
                "phploc/phploc": "7.0.2 || 6.0.2 || 5.0.0 || 4.0.1 || 3.0.1 || 2.1.5",
                "phpmd/phpmd": "2.13.0",
                "phpunit/phpunit": "10.1.2 || 9.6.7 || 8.5.31 || 7.5.20 || 6.5.14 || 5.7.27 || 4.8.36",
                "sebastian/phpcpd": "6.0.3 || 5.0.2 || 4.1.0 || 3.0.1 || 2.0.4",
                "squizlabs/php_codesniffer": "3.7.2 || 2.9.2"
            },
            "type": "library",
            "autoload": {
                "psr-4": {
                    "Com\\Tecnick\\Pdf\\Graph\\": "src"
                }
            },
            "notification-url": "https://packagist.org/downloads/",
            "license": [
                "LGPL-3.0-or-later"
            ],
            "authors": [
                {
                    "name": "Nicola Asuni",
                    "email": "info@tecnick.com",
                    "role": "lead"
                }
            ],
            "description": "PHP library containing PDF graphic and geometric methods",
            "homepage": "http://www.tecnick.com",
            "keywords": [
                "geometry",
                "graphic",
                "pdf",
                "tc-lib-pdf-graph",
                "transformation"
            ],
            "support": {
                "issues": "https://github.com/tecnickcom/tc-lib-pdf-graph/issues",
                "source": "https://github.com/tecnickcom/tc-lib-pdf-graph/tree/1.7.12"
            },
            "funding": [
                {
                    "url": "https://www.paypal.com/cgi-bin/webscr?cmd=_donations&currency_code=GBP&business=paypal@tecnick.com&item_name=donation%20for%20tc-lib-pdf-graph%20project",
                    "type": "custom"
                }
            ],
            "time": "2023-09-06T13:21:22+00:00"
        },
        {
            "name": "tecnickcom/tc-lib-pdf-image",
            "version": "1.4.9",
            "source": {
                "type": "git",
                "url": "https://github.com/tecnickcom/tc-lib-pdf-image.git",
                "reference": "f18747845fc1a4735f47d4fe1b2fbedbcdb3d340"
            },
            "dist": {
                "type": "zip",
                "url": "https://api.github.com/repos/tecnickcom/tc-lib-pdf-image/zipball/f18747845fc1a4735f47d4fe1b2fbedbcdb3d340",
                "reference": "f18747845fc1a4735f47d4fe1b2fbedbcdb3d340",
                "shasum": ""
            },
            "require": {
                "ext-gd": "*",
                "ext-zlib": "*",
                "php": ">=5.4",
                "tecnickcom/tc-lib-color": "^1.14",
                "tecnickcom/tc-lib-file": "^1.7",
                "tecnickcom/tc-lib-pdf-encrypt": "^1.6.0"
            },
            "require-dev": {
                "pdepend/pdepend": "2.13.0",
                "phploc/phploc": "7.0.2 || 6.0.2 || 5.0.0 || 4.0.1 || 3.0.1 || 2.1.5",
                "phpmd/phpmd": "2.13.0",
                "phpunit/phpunit": "10.1.2 || 9.6.7 || 8.5.31 || 7.5.20 || 6.5.14 || 5.7.27 || 4.8.36",
                "sebastian/phpcpd": "6.0.3 || 5.0.2 || 4.1.0 || 3.0.1 || 2.0.4",
                "squizlabs/php_codesniffer": "3.7.2 || 2.9.2"
            },
            "type": "library",
            "autoload": {
                "psr-4": {
                    "Com\\Tecnick\\Pdf\\Image\\": "src"
                }
            },
            "notification-url": "https://packagist.org/downloads/",
            "license": [
                "LGPL-3.0-or-later"
            ],
            "authors": [
                {
                    "name": "Nicola Asuni",
                    "email": "info@tecnick.com",
                    "role": "lead"
                }
            ],
            "description": "PHP library containing PDF Image methods",
            "homepage": "http://www.tecnick.com",
            "keywords": [
                "image",
                "jpeg",
                "jpg",
                "pdf",
                "png",
                "tc-lib-pdf-image"
            ],
            "support": {
                "issues": "https://github.com/tecnickcom/tc-lib-pdf-image/issues",
                "source": "https://github.com/tecnickcom/tc-lib-pdf-image/tree/1.4.9"
            },
            "funding": [
                {
                    "url": "https://www.paypal.com/cgi-bin/webscr?cmd=_donations&currency_code=GBP&business=paypal@tecnick.com&item_name=donation%20for%20tc-lib-pdf-image%20project",
                    "type": "custom"
                }
            ],
            "time": "2023-09-06T13:21:32+00:00"
        },
        {
            "name": "tecnickcom/tc-lib-pdf-page",
            "version": "3.1.10",
            "source": {
                "type": "git",
                "url": "https://github.com/tecnickcom/tc-lib-pdf-page.git",
                "reference": "c4c7273bc314cb4eba351e2e2531e49c32e7c2d1"
            },
            "dist": {
                "type": "zip",
                "url": "https://api.github.com/repos/tecnickcom/tc-lib-pdf-page/zipball/c4c7273bc314cb4eba351e2e2531e49c32e7c2d1",
                "reference": "c4c7273bc314cb4eba351e2e2531e49c32e7c2d1",
                "shasum": ""
            },
            "require": {
                "ext-date": "*",
                "ext-zlib": "*",
                "php": ">=5.4",
                "tecnickcom/tc-lib-color": "^1.14",
                "tecnickcom/tc-lib-pdf-encrypt": "^1.6.0"
            },
            "require-dev": {
                "pdepend/pdepend": "2.13.0",
                "phploc/phploc": "7.0.2 || 6.0.2 || 5.0.0 || 4.0.1 || 3.0.1 || 2.1.5",
                "phpmd/phpmd": "2.13.0",
                "phpunit/phpunit": "10.1.2 || 9.6.7 || 8.5.31 || 7.5.20 || 6.5.14 || 5.7.27 || 4.8.36",
                "sebastian/phpcpd": "6.0.3 || 5.0.2 || 4.1.0 || 3.0.1 || 2.0.4",
                "squizlabs/php_codesniffer": "3.7.2 || 2.9.2"
            },
            "type": "library",
            "autoload": {
                "psr-4": {
                    "Com\\Tecnick\\Pdf\\Page\\": "src"
                }
            },
            "notification-url": "https://packagist.org/downloads/",
            "license": [
                "LGPL-3.0-or-later"
            ],
            "authors": [
                {
                    "name": "Nicola Asuni",
                    "email": "info@tecnick.com",
                    "role": "lead"
                }
            ],
            "description": "PHP library containing PDF page formats and definitions",
            "homepage": "http://www.tecnick.com",
            "keywords": [
                "format",
                "page",
                "pdf",
                "tc-lib-pdf-page"
            ],
            "support": {
                "issues": "https://github.com/tecnickcom/tc-lib-pdf-page/issues",
                "source": "https://github.com/tecnickcom/tc-lib-pdf-page/tree/3.1.10"
            },
            "funding": [
                {
                    "url": "https://www.paypal.com/cgi-bin/webscr?cmd=_donations&currency_code=GBP&business=paypal@tecnick.com&item_name=donation%20for%20tc-lib-pdf-page%20project",
                    "type": "custom"
                }
            ],
            "time": "2023-09-06T13:21:11+00:00"
        },
        {
            "name": "tecnickcom/tc-lib-unicode",
            "version": "1.4.22",
            "source": {
                "type": "git",
                "url": "https://github.com/tecnickcom/tc-lib-unicode.git",
                "reference": "c46ea3fd7ef1e1b597ff53ee9c18a6a12d05d54a"
            },
            "dist": {
                "type": "zip",
                "url": "https://api.github.com/repos/tecnickcom/tc-lib-unicode/zipball/c46ea3fd7ef1e1b597ff53ee9c18a6a12d05d54a",
                "reference": "c46ea3fd7ef1e1b597ff53ee9c18a6a12d05d54a",
                "shasum": ""
            },
            "require": {
                "ext-mbstring": "*",
                "ext-pcre": "*",
                "php": ">=5.4",
                "tecnickcom/tc-lib-unicode-data": "^1.7"
            },
            "require-dev": {
                "pdepend/pdepend": "2.13.0",
                "phploc/phploc": "7.0.2 || 6.0.2 || 5.0.0 || 4.0.1 || 3.0.1 || 2.1.5",
                "phpmd/phpmd": "2.13.0",
                "phpunit/phpunit": "10.1.2 || 9.6.7 || 8.5.31 || 7.5.20 || 6.5.14 || 5.7.27 || 4.8.36",
                "sebastian/phpcpd": "6.0.3 || 5.0.2 || 4.1.0 || 3.0.1 || 2.0.4",
                "squizlabs/php_codesniffer": "3.7.2 || 2.9.2"
            },
            "type": "library",
            "autoload": {
                "psr-4": {
                    "Com\\Tecnick\\Unicode\\": "src"
                }
            },
            "notification-url": "https://packagist.org/downloads/",
            "license": [
                "LGPL-3.0-or-later"
            ],
            "authors": [
                {
                    "name": "Nicola Asuni",
                    "email": "info@tecnick.com",
                    "role": "lead"
                }
            ],
            "description": "PHP library containing Unicode methods",
            "homepage": "http://www.tecnick.com",
            "keywords": [
                "font",
                "pdf",
                "tc-lib-unicode",
                "unicode",
                "utf-8"
            ],
            "support": {
                "issues": "https://github.com/tecnickcom/tc-lib-unicode/issues",
                "source": "https://github.com/tecnickcom/tc-lib-unicode/tree/1.4.22"
            },
            "funding": [
                {
                    "url": "https://www.paypal.com/cgi-bin/webscr?cmd=_donations&currency_code=GBP&business=paypal@tecnick.com&item_name=donation%20for%20tc-lib-unicode%20project",
                    "type": "custom"
                }
            ],
            "time": "2023-09-06T13:21:01+00:00"
        },
        {
            "name": "tecnickcom/tc-lib-unicode-data",
            "version": "1.7.22",
            "source": {
                "type": "git",
                "url": "https://github.com/tecnickcom/tc-lib-unicode-data.git",
                "reference": "1420814716e0797e66caad4e71b9410d5d995f2a"
            },
            "dist": {
                "type": "zip",
                "url": "https://api.github.com/repos/tecnickcom/tc-lib-unicode-data/zipball/1420814716e0797e66caad4e71b9410d5d995f2a",
                "reference": "1420814716e0797e66caad4e71b9410d5d995f2a",
                "shasum": ""
            },
            "require": {
                "php": ">=5.4"
            },
            "require-dev": {
                "pdepend/pdepend": "2.13.0",
                "phploc/phploc": "7.0.2 || 6.0.2 || 5.0.0 || 4.0.1 || 3.0.1 || 2.1.5",
                "phpmd/phpmd": "2.13.0",
                "phpunit/phpunit": "10.1.2 || 9.6.7 || 8.5.31 || 7.5.20 || 6.5.14 || 5.7.27 || 4.8.36",
                "sebastian/phpcpd": "6.0.3 || 5.0.2 || 4.1.0 || 3.0.1 || 2.0.4",
                "squizlabs/php_codesniffer": "3.7.2 || 2.9.2"
            },
            "type": "library",
            "autoload": {
                "psr-4": {
                    "Com\\Tecnick\\Unicode\\Data\\": "src"
                }
            },
            "notification-url": "https://packagist.org/downloads/",
            "license": [
                "LGPL-3.0-or-later"
            ],
            "authors": [
                {
                    "name": "Nicola Asuni",
                    "email": "info@tecnick.com",
                    "role": "lead"
                }
            ],
            "description": "PHP library containing Unicode definitions",
            "homepage": "http://www.tecnick.com",
            "keywords": [
                "font",
                "pdf",
                "tc-lib-unicode-data",
                "unicode",
                "utf-8"
            ],
            "support": {
                "issues": "https://github.com/tecnickcom/tc-lib-unicode-data/issues",
                "source": "https://github.com/tecnickcom/tc-lib-unicode-data/tree/1.7.22"
            },
            "funding": [
                {
                    "url": "https://www.paypal.com/cgi-bin/webscr?cmd=_donations&currency_code=GBP&business=paypal@tecnick.com&item_name=donation%20for%20tc-lib-unicode-data%20project",
                    "type": "custom"
                }
            ],
            "time": "2023-09-06T13:20:10+00:00"
        },
        {
            "name": "tecnickcom/tcpdf",
            "version": "6.6.5",
            "source": {
                "type": "git",
                "url": "https://github.com/tecnickcom/TCPDF.git",
                "reference": "5fce932fcee4371865314ab7f6c0d85423c5c7ce"
            },
            "dist": {
                "type": "zip",
                "url": "https://api.github.com/repos/tecnickcom/TCPDF/zipball/5fce932fcee4371865314ab7f6c0d85423c5c7ce",
                "reference": "5fce932fcee4371865314ab7f6c0d85423c5c7ce",
                "shasum": ""
            },
            "require": {
                "php": ">=5.3.0"
            },
            "type": "library",
            "autoload": {
                "classmap": [
                    "config",
                    "include",
                    "tcpdf.php",
                    "tcpdf_parser.php",
                    "tcpdf_import.php",
                    "tcpdf_barcodes_1d.php",
                    "tcpdf_barcodes_2d.php",
                    "include/tcpdf_colors.php",
                    "include/tcpdf_filters.php",
                    "include/tcpdf_font_data.php",
                    "include/tcpdf_fonts.php",
                    "include/tcpdf_images.php",
                    "include/tcpdf_static.php",
                    "include/barcodes/datamatrix.php",
                    "include/barcodes/pdf417.php",
                    "include/barcodes/qrcode.php"
                ]
            },
            "notification-url": "https://packagist.org/downloads/",
            "license": [
                "LGPL-3.0-or-later"
            ],
            "authors": [
                {
                    "name": "Nicola Asuni",
                    "email": "info@tecnick.com",
                    "role": "lead"
                }
            ],
            "description": "TCPDF is a PHP class for generating PDF documents and barcodes.",
            "homepage": "http://www.tcpdf.org/",
            "keywords": [
                "PDFD32000-2008",
                "TCPDF",
                "barcodes",
                "datamatrix",
                "pdf",
                "pdf417",
                "qrcode"
            ],
            "support": {
                "issues": "https://github.com/tecnickcom/TCPDF/issues",
                "source": "https://github.com/tecnickcom/TCPDF/tree/6.6.5"
            },
            "funding": [
                {
                    "url": "https://www.paypal.com/cgi-bin/webscr?cmd=_donations&currency_code=GBP&business=paypal@tecnick.com&item_name=donation%20for%20tcpdf%20project",
                    "type": "custom"
                }
            ],
            "time": "2023-09-06T15:09:26+00:00"
        }
    ],
    "packages-dev": [],
    "aliases": [],
    "minimum-stability": "stable",
    "stability-flags": [],
    "prefer-stable": false,
    "prefer-lowest": false,
    "platform": [],
    "platform-dev": [],
    "plugin-api-version": "2.6.0"
}
